
Microsoft Visual Studio Solution File, Format Version 12.00
# Visual Studio Version 17
VisualStudioVersion = 17.2.32630.192
MinimumVisualStudioVersion = 10.0.40219.1
Project("{9A19103F-16F7-4668-BE54-9A1E7A4F7556}") = "EPPlusCore", "EPPlusCore\EPPlusCore.csproj", "{91EC2A74-DB47-41C0-BE09-97D47588E26B}"
EndProject
Project("{FAE04EC0-301F-11D3-BF4B-00C04F79EFBC}") = "Solid", "Solid\Solid.csproj", "{BD9ADB61-4E30-475E-964F-6C758ADE4D0B}"
EndProject
Project("{FAE04EC0-301F-11D3-BF4B-00C04F79EFBC}") = "SolidAPI", "SolidAPI\SolidAPI.csproj", "{29F0F3B1-5E45-48DC-8C94-CCCE57ADD0ED}"
EndProject
Global
	GlobalSection(SolutionConfigurationPlatforms) = preSolution
		Debug|Any CPU = Debug|Any CPU
		Release|Any CPU = Release|Any CPU
	EndGlobalSection
	GlobalSection(ProjectConfigurationPlatforms) = postSolution
		{91EC2A74-DB47-41C0-BE09-97D47588E26B}.Debug|Any CPU.ActiveCfg = Debug|Any CPU
		{91EC2A74-DB47-41C0-BE09-97D47588E26B}.Debug|Any CPU.Build.0 = Debug|Any CPU
		{91EC2A74-DB47-41C0-BE09-97D47588E26B}.Release|Any CPU.ActiveCfg = Release|Any CPU
		{91EC2A74-DB47-41C0-BE09-97D47588E26B}.Release|Any CPU.Build.0 = Release|Any CPU
		{BD9ADB61-4E30-475E-964F-6C758ADE4D0B}.Debug|Any CPU.ActiveCfg = Debug|Any CPU
		{BD9ADB61-4E30-475E-964F-6C758ADE4D0B}.Debug|Any CPU.Build.0 = Debug|Any CPU
		{BD9ADB61-4E30-475E-964F-6C758ADE4D0B}.Release|Any CPU.ActiveCfg = Release|Any CPU
		{BD9ADB61-4E30-475E-964F-6C758ADE4D0B}.Release|Any CPU.Build.0 = Release|Any CPU
		{29F0F3B1-5E45-48DC-8C94-CCCE57ADD0ED}.Debug|Any CPU.ActiveCfg = Debug|Any CPU
		{29F0F3B1-5E45-48DC-8C94-CCCE57ADD0ED}.Debug|Any CPU.Build.0 = Debug|Any CPU
		{29F0F3B1-5E45-48DC-8C94-CCCE57ADD0ED}.Release|Any CPU.ActiveCfg = Release|Any CPU
		{29F0F3B1-5E45-48DC-8C94-CCCE57ADD0ED}.Release|Any CPU.Build.0 = Release|Any CPU
	EndGlobalSection
	GlobalSection(SolutionProperties) = preSolution
		HideSolutionNode = FALSE
	EndGlobalSection
	GlobalSection(ExtensibilityGlobals) = postSolution
		SolutionGuid = {A05316AC-00BD-4531-A8C4-29D12374BC8B}
	EndGlobalSection
EndGlobal
